
Microsoft Visual Studio Solution File, Format Version 12.00
# Visual Studio Version 17
VisualStudioVersion = 17.14.36408.4
MinimumVisualStudioVersion = 10.0.40219.1
Project("{2150E333-8FDC-42A3-9474-1A3956D46DE8}") = "Chapter_03", "Chapter_03", "{02EA681E-C7D8-13C7-8484-4AC65E1B71E8}"
EndProject
Project("{8BC9CEB8-8B4A-11D0-8D11-00A0C91BC942}") = "02_VectorAdd_CUDA", "Chapter_03\02_VectorAddCUDA\02_VectorAddCUDA.vcxproj", "{3B4CC9A3-D694-7125-CB4A-BEB67AC4E056}"
EndProject
Project("{8BC9CEB8-8B4A-11D0-8D11-00A0C91BC942}") = "01_VectorAdd_CPU", "Chapter_03\01_VectorAddCPU\VectorAddCPU.vcxproj", "{2FDF79BB-BA91-83A3-25DC-DFD2DA77134E}"
EndProject
Project("{8BC9CEB8-8B4A-11D0-8D11-00A0C91BC942}") = "03_VectorAddBlock_CUDA", "Chapter_03\03_VectorAddBlockCUDA\03_VectorAddBlockCUDA.vcxproj", "{09A53CF3-2F23-D6A8-5596-31CFD3E07C1B}"
EndProject
Project("{2150E333-8FDC-42A3-9474-1A3956D46DE8}") = "Chapter_04", "Chapter_04", "{C11DDF7C-C9CF-43A5-BF73-57B95486821A}"
EndProject
Project("{8BC9CEB8-8B4A-11D0-8D11-00A0C91BC942}") = "01_BasicNN_CPU", "Chapter_04\01_BasicNN_CPU\01_BasicNN_CPU.vcxproj", "{3D8714C2-F200-4C42-A3A1-528FCE3FD177}"
EndProject
Project("{8BC9CEB8-8B4A-11D0-8D11-00A0C91BC942}") = "02_BasicNN_Torch", "Chapter_04\02_BasicNN_Torch\02_BasicNN_Torch.vcxproj", "{B1DE8020-BA6D-42A0-8F46-121D031B7455}"
EndProject
Project("{8BC9CEB8-8B4A-11D0-8D11-00A0C91BC942}") = "Test", "Chapter_04\Test\Test.vcxproj", "{36D4312C-8AFF-4EE5-BA48-218CAF4B156D}"
EndProject
Global
	GlobalSection(SolutionConfigurationPlatforms) = preSolution
		Debug|x64 = Debug|x64
		Release|x64 = Release|x64
	EndGlobalSection
	GlobalSection(ProjectConfigurationPlatforms) = postSolution
		{3B4CC9A3-D694-7125-CB4A-BEB67AC4E056}.Debug|x64.ActiveCfg = Debug|x64
		{3B4CC9A3-D694-7125-CB4A-BEB67AC4E056}.Debug|x64.Build.0 = Debug|x64
		{3B4CC9A3-D694-7125-CB4A-BEB67AC4E056}.Release|x64.ActiveCfg = Release|x64
		{3B4CC9A3-D694-7125-CB4A-BEB67AC4E056}.Release|x64.Build.0 = Release|x64
		{2FDF79BB-BA91-83A3-25DC-DFD2DA77134E}.Debug|x64.ActiveCfg = Debug|x64
		{2FDF79BB-BA91-83A3-25DC-DFD2DA77134E}.Debug|x64.Build.0 = Debug|x64
		{2FDF79BB-BA91-83A3-25DC-DFD2DA77134E}.Release|x64.ActiveCfg = Release|x64
		{2FDF79BB-BA91-83A3-25DC-DFD2DA77134E}.Release|x64.Build.0 = Release|x64
		{09A53CF3-2F23-D6A8-5596-31CFD3E07C1B}.Debug|x64.ActiveCfg = Debug|x64
		{09A53CF3-2F23-D6A8-5596-31CFD3E07C1B}.Debug|x64.Build.0 = Debug|x64
		{09A53CF3-2F23-D6A8-5596-31CFD3E07C1B}.Release|x64.ActiveCfg = Release|x64
		{09A53CF3-2F23-D6A8-5596-31CFD3E07C1B}.Release|x64.Build.0 = Release|x64
		{3D8714C2-F200-4C42-A3A1-528FCE3FD177}.Debug|x64.ActiveCfg = Debug|x64
		{3D8714C2-F200-4C42-A3A1-528FCE3FD177}.Debug|x64.Build.0 = Debug|x64
		{3D8714C2-F200-4C42-A3A1-528FCE3FD177}.Release|x64.ActiveCfg = Release|x64
		{3D8714C2-F200-4C42-A3A1-528FCE3FD177}.Release|x64.Build.0 = Release|x64
		{B1DE8020-BA6D-42A0-8F46-121D031B7455}.Debug|x64.ActiveCfg = Debug|x64
		{B1DE8020-BA6D-42A0-8F46-121D031B7455}.Debug|x64.Build.0 = Debug|x64
		{B1DE8020-BA6D-42A0-8F46-121D031B7455}.Release|x64.ActiveCfg = Release|x64
		{B1DE8020-BA6D-42A0-8F46-121D031B7455}.Release|x64.Build.0 = Release|x64
		{36D4312C-8AFF-4EE5-BA48-218CAF4B156D}.Debug|x64.ActiveCfg = Debug|x64
		{36D4312C-8AFF-4EE5-BA48-218CAF4B156D}.Debug|x64.Build.0 = Debug|x64
		{36D4312C-8AFF-4EE5-BA48-218CAF4B156D}.Release|x64.ActiveCfg = Release|x64
		{36D4312C-8AFF-4EE5-BA48-218CAF4B156D}.Release|x64.Build.0 = Release|x64
	EndGlobalSection
	GlobalSection(SolutionProperties) = preSolution
		HideSolutionNode = FALSE
	EndGlobalSection
	GlobalSection(NestedProjects) = preSolution
		{3B4CC9A3-D694-7125-CB4A-BEB67AC4E056} = {02EA681E-C7D8-13C7-8484-4AC65E1B71E8}
		{2FDF79BB-BA91-83A3-25DC-DFD2DA77134E} = {02EA681E-C7D8-13C7-8484-4AC65E1B71E8}
		{09A53CF3-2F23-D6A8-5596-31CFD3E07C1B} = {02EA681E-C7D8-13C7-8484-4AC65E1B71E8}
		{3D8714C2-F200-4C42-A3A1-528FCE3FD177} = {C11DDF7C-C9CF-43A5-BF73-57B95486821A}
		{B1DE8020-BA6D-42A0-8F46-121D031B7455} = {C11DDF7C-C9CF-43A5-BF73-57B95486821A}
		{36D4312C-8AFF-4EE5-BA48-218CAF4B156D} = {C11DDF7C-C9CF-43A5-BF73-57B95486821A}
	EndGlobalSection
	GlobalSection(ExtensibilityGlobals) = postSolution
		SolutionGuid = {D5246709-8C4B-416F-B30C-1E9527B3868E}
	EndGlobalSection
EndGlobal
